// !$*UTF8*$!
{
	archiveVersion = 1;
	classes = {
	};
	objectVersion = 50;
	objects = {

/* Begin PBXBuildFile section */
		3219DA1C243133FE00CCE60D /* AppDelegate.m in Sources */ = {isa = PBXBuildFile; fileRef = 3219DA1B243133FE00CCE60D /* AppDelegate.m */; };
		3219DA1E243133FF00CCE60D /* Assets.xcassets in Resources */ = {isa = PBXBuildFile; fileRef = 3219DA1D243133FF00CCE60D /* Assets.xcassets */; };
		3219DA21243133FF00CCE60D /* MainMenu.xib in Resources */ = {isa = PBXBuildFile; fileRef = 3219DA1F243133FF00CCE60D /* MainMenu.xib */; };
		3219DA24243133FF00CCE60D /* main.m in Sources */ = {isa = PBXBuildFile; fileRef = 3219DA23243133FF00CCE60D /* main.m */; };
/* End PBXBuildFile section */

/* Begin PBXFileReference section */
		3219DA17243133FE00CCE60D /* dsfsdkfsdf.app */ = {isa = PBXFileReference; explicitFileType = wrapper.application; includeInIndex = 0; path = dsfsdkfsdf.app; sourceTree = BUILT_PRODUCTS_DIR; };
		3219DA1A243133FE00CCE60D /* AppDelegate.h */ = {isa = PBXFileReference; lastKnownFileType = sourcecode.c.h; path = AppDelegate.h; sourceTree = "<group>"; };
		3219DA1B243133FE00CCE60D /* AppDelegate.m */ = {isa = PBXFileReference; lastKnownFileType = sourcecode.c.objc; path = AppDelegate.m; sourceTree = "<group>"; };
		3219DA1D243133FF00CCE60D /* Assets.xcassets */ = {isa = PBXFileReference; lastKnownFileType = folder.assetcatalog; path = Assets.xcassets; sourceTree = "<group>"; };
		3219DA20243133FF00CCE60D /* Base */ = {isa = PBXFileReference; lastKnownFileType = file.xib; name = Base; path = Base.lproj/MainMenu.xib; sourceTree = "<group>"; };
		3219DA22243133FF00CCE60D /* Info.plist */ = {isa = PBXFileReference; lastKnownFileType = text.plist.xml; path = Info.plist; sourceTree = "<group>"; };
		3219DA23243133FF00CCE60D /* main.m */ = {isa = PBXFileReference; lastKnownFileType = sourcecode.c.objc; path = main.m; sourceTree = "<group>"; };
		3219DA25243133FF00CCE60D /* dsfsdkfsdf.entitlements */ = {isa = PBXFileReference; lastKnownFileType = text.plist.entitlements; path = dsfsdkfsdf.entitlements; sourceTree = "<group>"; };
/* End PBXFileReference section */

/* Begin PBXFrameworksBuildPhase section */
		3219DA14243133FE00CCE60D /* Frameworks */ = {
			isa = PBXFrameworksBuildPhase;
			buildActionMask = 2147483647;
			files = (
			);
			runOnlyForDeploymentPostprocessing = 0;
		};
/* End PBXFrameworksBuildPhase section */

/* Begin PBXGroup section */
		3219DA0E243133FE00CCE60D = {
			isa = PBXGroup;
			children = (
				3219DA19243133FE00CCE60D /* dsfsdkfsdf */,
				3219DA18243133FE00CCE60D /* Products */,
			);
			sourceTree = "<group>";
		};
		3219DA18243133FE00CCE60D /* Products */ = {
			isa = PBXGroup;
			children = (
				3219DA17243133FE00CCE60D /* dsfsdkfsdf.app */,
			);
			name = Products;
			sourceTree = "<group>";
		};
		3219DA19243133FE00CCE60D /* dsfsdkfsdf */ = {
			isa = PBXGroup;
			children = (
				3219DA1A243133FE00CCE60D /* AppDelegate.h */,
				3219DA1B243133FE00CCE60D /* AppDelegate.m */,
				3219DA1D243133FF00CCE60D /* Assets.xcassets */,
				3219DA1F243133FF00CCE60D /* MainMenu.xib */,
				3219DA22243133FF00CCE60D /* Info.plist */,
				3219DA23243133FF00CCE60D /* main.m */,
				3219DA25243133FF00CCE60D /* dsfsdkfsdf.entitlements */,
			);
			path = dsfsdkfsdf;
			sourceTree = "<group>";
		};
/* End PBXGroup section */

/* Begin PBXNativeTarget section */
		3219DA16243133FE00CCE60D /* dsfsdkfsdf */ = {
			isa = PBXNativeTarget;
			buildConfigurationList = 3219DA28243133FF00CCE60D /* Build configuration list for PBXNativeTarget "dsfsdkfsdf" */;
			buildPhases = (
				3219DA13243133FE00CCE60D /* Sources */,
				3219DA14243133FE00CCE60D /* Frameworks */,
				3219DA15243133FE00CCE60D /* Resources */,
			);
			buildRules = (
			);
			dependencies = (
			);
			name = dsfsdkfsdf;
			productName = dsfsdkfsdf;
			productReference = 3219DA17243133FE00CCE60D /* dsfsdkfsdf.app */;
			productType = "com.apple.product-type.application";
		};
/* End PBXNativeTarget section */

/* Begin PBXProject section */
		3219DA0F243133FE00CCE60D /* Project object */ = {
			isa = PBXProject;
			attributes = {
				LastUpgradeCheck = 1140;
				ORGANIZATIONNAME = dsfsdfd;
				TargetAttributes = {
					3219DA16243133FE00CCE60D = {
						CreatedOnToolsVersion = 11.4;
					};
				};
			};
			buildConfigurationList = 3219DA12243133FE00CCE60D /* Build configuration list for PBXProject "dsfsdkfsdf" */;
			compatibilityVersion = "Xcode 9.3";
			developmentRegion = en;
			hasScannedForEncodings = 0;
			knownRegions = (
				en,
				Base,
			);
			mainGroup = 3219DA0E243133FE00CCE60D;
			productRefGroup = 3219DA18243133FE00CCE60D /* Products */;
			projectDirPath = "";
			projectRoot = "";
			targets = (
				3219DA16243133FE00CCE60D /* dsfsdkfsdf */,
			);
		};
/* End PBXProject section */

/* Begin PBXResourcesBuildPhase section */
		3219DA15243133FE00CCE60D /* Resources */ = {
			isa = PBXResourcesBuildPhase;
			buildActionMask = 2147483647;
			files = (
				3219DA1E243133FF00CCE60D /* Assets.xcassets in Resources */,
				3219DA21243133FF00CCE60D /* MainMenu.xib in Resources */,
			);
			runOnlyForDeploymentPostprocessing = 0;
		};
/* End PBXResourcesBuildPhase section */

/* Begin PBXSourcesBuildPhase section */
		3219DA13243133FE00CCE60D /* Sources */ = {
			isa = PBXSourcesBuildPhase;
			buildActionMask = 2147483647;
			files = (
				3219DA24243133FF00CCE60D /* main.m in Sources */,
				3219DA1C243133FE00CCE60D /* AppDelegate.m in Sources */,
			);
			runOnlyForDeploymentPostprocessing = 0;
		};
/* End PBXSourcesBuildPhase section */

/* Begin PBXVariantGroup section */
		3219DA1F243133FF00CCE60D /* MainMenu.xib */ = {
			isa = PBXVariantGroup;
			children = (
				3219DA20243133FF00CCE60D /* Base */,
			);
			name = MainMenu.xib;
			sourceTree = "<group>";
		};
/* End PBXVariantGroup section */

/* Begin XCBuildConfiguration section */
		3219DA26243133FF00CCE60D /* Debug */ = {
			isa = XCBuildConfiguration;
			buildSettings = {
				ALWAYS_SEARCH_USER_PATHS = NO;
				CLANG_ANALYZER_NONNULL = YES;
				CLANG_ANALYZER_NUMBER_OBJECT_CONVERSION = YES_AGGRESSIVE;
				CLANG_CXX_LANGUAGE_STANDARD = "gnu++14";
				CLANG_CXX_LIBRARY = "libc++";
				CLANG_ENABLE_MODULES = YES;
				CLANG_ENABLE_OBJC_ARC = YES;
				CLANG_ENABLE_OBJC_WEAK = YES;
				CLANG_WARN_BLOCK_CAPTURE_AUTORELEASING = YES;
				CLANG_WARN_BOOL_CONVERSION = YES;
				CLANG_WARN_COMMA = YES;
				CLANG_WARN_CONSTANT_CONVERSION = YES;
				CLANG_WARN_DEPRECATED_OBJC_IMPLEMENTATIONS = YES;
				CLANG_WARN_DIRECT_OBJC_ISA_USAGE = YES_ERROR;
				CLANG_WARN_DOCUMENTATION_COMMENTS = YES;
				CLANG_WARN_EMPTY_BODY = YES;
				CLANG_WARN_ENUM_CONVERSION = YES;
				CLANG_WARN_INFINITE_RECURSION = YES;
				CLANG_WARN_INT_CONVERSION = YES;
				CLANG_WARN_NON_LITERAL_NULL_CONVERSION = YES;
				CLANG_WARN_OBJC_IMPLICIT_RETAIN_SELF = YES;
				CLANG_WARN_OBJC_LITERAL_CONVERSION = YES;
				CLANG_WARN_OBJC_ROOT_CLASS = YES_ERROR;
				CLANG_WARN_RANGE_LOOP_ANALYSIS = YES;
				CLANG_WARN_STRICT_PROTOTYPES = YES;
				CLANG_WARN_SUSPICIOUS_MOVE = YES;
				CLANG_WARN_UNGUARDED_AVAILABILITY = YES_AGGRESSIVE;
				CLANG_WARN_UNREACHABLE_CODE = YES;
				CLANG_WARN__DUPLICATE_METHOD_MATCH = YES;
				COPY_PHASE_STRIP = NO;
				DEBUG_INFORMATION_FORMAT = dwarf;
				ENABLE_STRICT_OBJC_MSGSEND = YES;
				ENABLE_TESTABILITY = YES;
				GCC_C_LANGUAGE_STANDARD = gnu11;
				GCC_DYNAMIC_NO_PIC = NO;
				GCC_NO_COMMON_BLOCKS = YES;
				GCC_OPTIMIZATION_LEVEL = 0;
				GCC_PREPROCESSOR_DEFINITIONS = (
					"DEBUG=1",
					"$(inherited)",
				);
				GCC_WARN_64_TO_32_BIT_CONVERSION = YES;
				GCC_WARN_ABOUT_RETURN_TYPE = YES_ERROR;
				GCC_WARN_UNDECLARED_SELECTOR = YES;
				GCC_WARN_UNINITIALIZED_AUTOS = YES_AGGRESSIVE;
				GCC_WARN_UNUSED_FUNCTION = YES;
				GCC_WARN_UNUSED_VARIABLE = YES;
				MACOSX_DEPLOYMENT_TARGET = 10.15;
				MTL_ENABLE_DEBUG_INFO = INCLUDE_SOURCE;
				MTL_FAST_MATH = YES;
				ONLY_ACTIVE_ARCH = YES;
				SDKROOT = macosx;
			};
			name = Debug;
		};
		3219DA27243133FF00CCE60D /* Release */ = {
			isa = XCBuildConfiguration;
			buildSettings = {
				ALWAYS_SEARCH_USER_PATHS = NO;
				CLANG_ANALYZER_NONNULL = YES;
				CLANG_ANALYZER_NUMBER_OBJECT_CONVERSION = YES_AGGRESSIVE;
				CLANG_CXX_LANGUAGE_STANDARD = "gnu++14";
				CLANG_CXX_LIBRARY = "libc++";
				CLANG_ENABLE_MODULES = YES;
				CLANG_ENABLE_OBJC_ARC = YES;
				CLANG_ENABLE_OBJC_WEAK = YES;
				CLANG_WARN_BLOCK_CAPTURE_AUTORELEASING = YES;
				CLANG_WARN_BOOL_CONVERSION = YES;
				CLANG_WARN_COMMA = YES;
				CLANG_WARN_CONSTANT_CONVERSION = YES;
				CLANG_WARN_DEPRECATED_OBJC_IMPLEMENTATIONS = YES;
				CLANG_WARN_DIRECT_OBJC_ISA_USAGE = YES_ERROR;
				CLANG_WARN_DOCUMENTATION_COMMENTS = YES;
				CLANG_WARN_EMPTY_BODY = YES;
				CLANG_WARN_ENUM_CONVERSION = YES;
				CLANG_WARN_INFINITE_RECURSION = YES;
				CLANG_WARN_INT_CONVERSION = YES;
				CLANG_WARN_NON_LITERAL_NULL_CONVERSION = YES;
				CLANG_WARN_OBJC_IMPLICIT_RETAIN_SELF = YES;
				CLANG_WARN_OBJC_LITERAL_CONVERSION = YES;
				CLANG_WARN_OBJC_ROOT_CLASS = YES_ERROR;
				CLANG_WARN_RANGE_LOOP_ANALYSIS = YES;
				CLANG_WARN_STRICT_PROTOTYPES = YES;
				CLANG_WARN_SUSPICIOUS_MOVE = YES;
				CLANG_WARN_UNGUARDED_AVAILABILITY = YES_AGGRESSIVE;
				CLANG_WARN_UNREACHABLE_CODE = YES;
				CLANG_WARN__DUPLICATE_METHOD_MATCH = YES;
				COPY_PHASE_STRIP = NO;
				DEBUG_INFORMATION_FORMAT = "dwarf-with-dsym";
				ENABLE_NS_ASSERTIONS = NO;
				ENABLE_STRICT_OBJC_MSGSEND = YES;
				GCC_C_LANGUAGE_STANDARD = gnu11;
				GCC_NO_COMMON_BLOCKS = YES;
				GCC_WARN_64_TO_32_BIT_CONVERSION = YES;
				GCC_WARN_ABOUT_RETURN_TYPE = YES_ERROR;
				GCC_WARN_UNDECLARED_SELECTOR = YES;
				GCC_WARN_UNINITIALIZED_AUTOS = YES_AGGRESSIVE;
				GCC_WARN_UNUSED_FUNCTION = YES;
				GCC_WARN_UNUSED_VARIABLE = YES;
				MACOSX_DEPLOYMENT_TARGET = 10.15;
				MTL_ENABLE_DEBUG_INFO = NO;
				MTL_FAST_MATH = YES;
				SDKROOT = macosx;
			};
			name = Release;
		};
		3219DA29243133FF00CCE60D /* Debug */ = {
			isa = XCBuildConfiguration;
			buildSettings = {
				ASSETCATALOG_COMPILER_APPICON_NAME = AppIcon;
				CODE_SIGN_ENTITLEMENTS = dsfsdkfsdf/dsfsdkfsdf.entitlements;
				CODE_SIGN_STYLE = Automatic;
				COMBINE_HIDPI_IMAGES = YES;
				INFOPLIST_FILE = dsfsdkfsdf/Info.plist;
				LD_RUNPATH_SEARCH_PATHS = (
					"$(inherited)",
					"@executable_path/../Frameworks",
				);
				PRODUCT_BUNDLE_IDENTIFIER = sdfsdf.dsfsdkfsdf;
				PRODUCT_NAME = "$(TARGET_NAME)";
			};
			name = Debug;
		};
		3219DA2A243133FF00CCE60D /* Release */ = {
			isa = XCBuildConfiguration;
			buildSettings = {
				ASSETCATALOG_COMPILER_APPICON_NAME = AppIcon;
				CODE_SIGN_ENTITLEMENTS = dsfsdkfsdf/dsfsdkfsdf.entitlements;
				CODE_SIGN_STYLE = Automatic;
				COMBINE_HIDPI_IMAGES = YES;
				INFOPLIST_FILE = dsfsdkfsdf/Info.plist;
				LD_RUNPATH_SEARCH_PATHS = (
					"$(inherited)",
					"@executable_path/../Frameworks",
				);
				PRODUCT_BUNDLE_IDENTIFIER = sdfsdf.dsfsdkfsdf;
				PRODUCT_NAME = "$(TARGET_NAME)";
			};
			name = Release;
		};
/* End XCBuildConfiguration section */

/* Begin XCConfigurationList section */
		3219DA12243133FE00CCE60D /* Build configuration list for PBXProject "dsfsdkfsdf" */ = {
			isa = XCConfigurationList;
			buildConfigurations = (
				3219DA26243133FF00CCE60D /* Debug */,
				3219DA27243133FF00CCE60D /* Release */,
			);
			defaultConfigurationIsVisible = 0;
			defaultConfigurationName = Release;
		};
		3219DA28243133FF00CCE60D /* Build configuration list for PBXNativeTarget "dsfsdkfsdf" */ = {
			isa = XCConfigurationList;
			buildConfigurations = (
				3219DA29243133FF00CCE60D /* Debug */,
				3219DA2A243133FF00CCE60D /* Release */,
			);
			defaultConfigurationIsVisible = 0;
			defaultConfigurationName = Release;
		};
/* End XCConfigurationList section */
	};
	rootObject = 3219DA0F243133FE00CCE60D /* Project object */;
}
